# THIS IS AN AUTOGENERATED FILE. DO NOT EDIT THIS FILE DIRECTLY.
# yarn lockfile v1
accept@2.x.x:
  version "2.1.3"
  resolved "https://registry.yarnpkg.com/accept/-/accept-2.1.3.tgz#ab0f5bda4c449bbe926aea607b3522562f5acf86"
  dependencies:
    boom "4.x.x"
    hoek "4.x.x"

align-text@^0.1.1, align-text@^0.1.3:
  version "0.1.4"
  resolved "https://registry.yarnpkg.com/align-text/-/align-text-0.1.4.tgz#0cd90a561093f35d0a99256c22b7069433fad117"
  dependencies:
    kind-of "^3.0.2"
    longest "^1.0.1"
    repeat-string "^1.5.2"

amdefine@>=0.0.4:
  version "1.0.1"
  resolved "https://registry.yarnpkg.com/amdefine/-/amdefine-1.0.1.tgz#4a5282ac164729e93619bcfd3ad151f817ce91f5"

ammo@2.x.x:
  version "2.0.3"
  resolved "https://registry.yarnpkg.com/ammo/-/ammo-2.0.3.tgz#914bbcf65b043ed0f58a8a9d0196e250ec51e6a7"
  dependencies:
    boom "4.x.x"
    hoek "4.x.x"

async@^1.4.0:
  version "1.5.2"
  resolved "https://registry.yarnpkg.com/async/-/async-1.5.2.tgz#ec6a61ae56480c0c3cb241c95618e20892f9672a"

async@~0.2.6:
  version "0.2.10"
  resolved "https://registry.yarnpkg.com/async/-/async-0.2.10.tgz#b6bbe0b0674b9d719708ca38de8c237cb526c3d1"

axios:
  version "0.15.3"
  resolved "https://registry.yarnpkg.com/axios/-/axios-0.15.3.tgz#2c9d638b2e191a08ea1d6cc988eadd6ba5bdc053"
  dependencies:
    follow-redirects "1.0.0"

b64@3.x.x:
  version "3.0.2"
  resolved "https://registry.yarnpkg.com/b64/-/b64-3.0.2.tgz#7a9d60466adf7b8de114cbdf651a5fdfcc90894d"

boom@4.x.x:
  version "4.2.0"
  resolved "https://registry.yarnpkg.com/boom/-/boom-4.2.0.tgz#c1a74174b11fbba223f6162d4fd8851a1b82a536"
  dependencies:
    hoek "4.x.x"

call@4.x.x:
  version "4.0.0"
  resolved "https://registry.yarnpkg.com/call/-/call-4.0.0.tgz#cd29381a98046a132db26e2628e70bd8321a1ddf"
  dependencies:
    boom "4.x.x"
    hoek "4.x.x"

camelcase@^1.0.2:
  version "1.2.1"
  resolved "https://registry.yarnpkg.com/camelcase/-/camelcase-1.2.1.tgz#9bb5304d2e0b56698b2c758b08a3eaa9daa58a39"

catbox-memory@2.x.x:
  version "2.0.4"
  resolved "https://registry.yarnpkg.com/catbox-memory/-/catbox-memory-2.0.4.tgz#433e255902caf54233d1286429c8f4df14e822d5"
  dependencies:
    hoek "4.x.x"

catbox@7.x.x:
  version "7.1.3"
  resolved "https://registry.yarnpkg.com/catbox/-/catbox-7.1.3.tgz#9817edec5a921743282addfc9c45ace52847eebb"
  dependencies:
    boom "4.x.x"
    hoek "4.x.x"
    joi "10.x.x"

center-align@^0.1.1:
  version "0.1.3"
  resolved "https://registry.yarnpkg.com/center-align/-/center-align-0.1.3.tgz#aa0d32629b6ee972200411cbd4461c907bc2b7ad"
  dependencies:
    align-text "^0.1.3"
    lazy-cache "^1.0.3"

cliui@^2.1.0:
  version "2.1.0"
  resolved "https://registry.yarnpkg.com/cliui/-/cliui-2.1.0.tgz#4b475760ff80264c762c3a1719032e91c7fea0d1"
  dependencies:
    center-align "^0.1.1"
    right-align "^0.1.1"
    wordwrap "0.0.2"

content@3.x.x:
  version "3.0.3"
  resolved "https://registry.yarnpkg.com/content/-/content-3.0.3.tgz#000f8a01371b95c66afe99be9390fa6cb91aa87a"
  dependencies:
    boom "4.x.x"

cryptiles@3.x.x:
  version "3.1.1"
  resolved "https://registry.yarnpkg.com/cryptiles/-/cryptiles-3.1.1.tgz#86a9203f7367a0e9324bc7555ff0fcf5f81979ee"
  dependencies:
    boom "4.x.x"

debug@^2.2.0:
  version "2.6.0"
  resolved "https://registry.yarnpkg.com/debug/-/debug-2.6.0.tgz#bc596bcabe7617f11d9fa15361eded5608b8499b"
  dependencies:
    ms "0.7.2"

decamelize@^1.0.0:
  version "1.2.0"
  resolved "https://registry.yarnpkg.com/decamelize/-/decamelize-1.2.0.tgz#f6534d15148269b20352e7bee26f501f9a191290"

follow-redirects@1.0.0:
  version "1.0.0"
  resolved "https://registry.yarnpkg.com/follow-redirects/-/follow-redirects-1.0.0.tgz#8e34298cbd2e176f254effec75a1c78cc849fd37"
  dependencies:
    debug "^2.2.0"

handlebars:
  version "4.0.6"
  resolved "https://registry.yarnpkg.com/handlebars/-/handlebars-4.0.6.tgz#2ce4484850537f9c97a8026d5399b935c4ed4ed7"
  dependencies:
    async "^1.4.0"
    optimist "^0.6.1"
    source-map "^0.4.4"
  optionalDependencies:
    uglify-js "^2.6"

hapi:
  version "16.1.0"
  resolved "https://registry.yarnpkg.com/hapi/-/hapi-16.1.0.tgz#419dd86347588821eb5a0a5f493bce019802d33b"
  dependencies:
    accept "2.x.x"
    ammo "2.x.x"
    boom "4.x.x"
    call "4.x.x"
    catbox "7.x.x"
    catbox-memory "2.x.x"
    cryptiles "3.x.x"
    heavy "4.x.x"
    hoek "4.x.x"
    iron "4.x.x"
    items "2.x.x"
    joi "10.x.x"
    mimos "3.x.x"
    podium "^1.2.x"
    shot "3.x.x"
    statehood "5.x.x"
    subtext "^4.3.x"
    topo "2.x.x"

heavy@4.x.x:
  version "4.0.3"
  resolved "https://registry.yarnpkg.com/heavy/-/heavy-4.0.3.tgz#976bba118b011b15fe904aa4f292a168bfc6232f"
  dependencies:
    boom "4.x.x"
    hoek "4.x.x"
    joi "10.x.x"

hoek@4.x.x:
  version "4.1.0"
  resolved "https://registry.yarnpkg.com/hoek/-/hoek-4.1.0.tgz#4a4557460f69842ed463aa00628cc26d2683afa7"

inert:
  version "4.1.0"
  resolved "https://registry.yarnpkg.com/inert/-/inert-4.1.0.tgz#e68df9fb0b87d8ad688e3428daaf35d623b64f5d"
  dependencies:
    ammo "2.x.x"
    boom "4.x.x"
    hoek "4.x.x"
    items "2.x.x"
    joi "10.x.x"
    lru-cache "4.0.x"

iron@4.x.x:
  version "4.0.4"
  resolved "https://registry.yarnpkg.com/iron/-/iron-4.0.4.tgz#c1f8cc4c91454194ab8920d9247ba882e528061a"
  dependencies:
    boom "4.x.x"
    cryptiles "3.x.x"
    hoek "4.x.x"

is-buffer@^1.0.2:
  version "1.1.4"
  resolved "https://registry.yarnpkg.com/is-buffer/-/is-buffer-1.1.4.tgz#cfc86ccd5dc5a52fa80489111c6920c457e2d98b"

isemail@2.x.x:
  version "2.2.1"
  resolved "https://registry.yarnpkg.com/isemail/-/isemail-2.2.1.tgz#0353d3d9a62951080c262c2aa0a42b8ea8e9e2a6"

items@2.x.x:
  version "2.1.1"
  resolved "https://registry.yarnpkg.com/items/-/items-2.1.1.tgz#8bd16d9c83b19529de5aea321acaada78364a198"

joi@10.x.x:
  version "10.2.0"
  resolved "https://registry.yarnpkg.com/joi/-/joi-10.2.0.tgz#2c9dba08240d453e58145667f0d5006de527e328"
  dependencies:
    hoek "4.x.x"
    isemail "2.x.x"
    items "2.x.x"
    topo "2.x.x"

kind-of@^3.0.2:
  version "3.1.0"
  resolved "https://registry.yarnpkg.com/kind-of/-/kind-of-3.1.0.tgz#475d698a5e49ff5e53d14e3e732429dc8bf4cf47"
  dependencies:
    is-buffer "^1.0.2"

lazy-cache@^1.0.3:
  version "1.0.4"
  resolved "https://registry.yarnpkg.com/lazy-cache/-/lazy-cache-1.0.4.tgz#a1d78fc3a50474cb80845d3b3b6e1da49a446e8e"

longest@^1.0.1:
  version "1.0.1"
  resolved "https://registry.yarnpkg.com/longest/-/longest-1.0.1.tgz#30a0b2da38f73770e8294a0d22e6625ed77d0097"

lru-cache@4.0.x:
  version "4.0.2"
  resolved "https://registry.yarnpkg.com/lru-cache/-/lru-cache-4.0.2.tgz#1d17679c069cda5d040991a09dbc2c0db377e55e"
  dependencies:
    pseudomap "^1.0.1"
    yallist "^2.0.0"

mime-db@1.x.x:
  version "1.26.0"
  resolved "https://registry.yarnpkg.com/mime-db/-/mime-db-1.26.0.tgz#eaffcd0e4fc6935cf8134da246e2e6c35305adff"

mimos@3.x.x:
  version "3.0.3"
  resolved "https://registry.yarnpkg.com/mimos/-/mimos-3.0.3.tgz#b9109072ad378c2b72f6a0101c43ddfb2b36641f"
  dependencies:
    hoek "4.x.x"
    mime-db "1.x.x"

minimist@~0.0.1:
  version "0.0.10"
  resolved "https://registry.yarnpkg.com/minimist/-/minimist-0.0.10.tgz#de3f98543dbf96082be48ad1a0c7cda836301dcf"

ms@0.7.2:
  version "0.7.2"
  resolved "https://registry.yarnpkg.com/ms/-/ms-0.7.2.tgz#ae25cf2512b3885a1d95d7f037868d8431124765"

nigel@2.x.x:
  version "2.0.2"
  resolved "https://registry.yarnpkg.com/nigel/-/nigel-2.0.2.tgz#93a1866fb0c52d87390aa75e2b161f4b5c75e5b1"
  dependencies:
    hoek "4.x.x"
    vise "2.x.x"

optimist@^0.6.1:
  version "0.6.1"
  resolved "https://registry.yarnpkg.com/optimist/-/optimist-0.6.1.tgz#da3ea74686fa21a19a111c326e90eb15a0196686"
  dependencies:
    minimist "~0.0.1"
    wordwrap "~0.0.2"

pez@2.x.x:
  version "2.1.4"
  resolved "https://registry.yarnpkg.com/pez/-/pez-2.1.4.tgz#73f822fa62d599d65c4606f490d54d345191bc7c"
  dependencies:
    b64 "3.x.x"
    boom "4.x.x"
    content "3.x.x"
    hoek "4.x.x"
    nigel "2.x.x"

podium@^1.2.x:
  version "1.2.5"
  resolved "https://registry.yarnpkg.com/podium/-/podium-1.2.5.tgz#87c566c2f0365bcf0a1ec7602c4d01948cdd2ad5"
  dependencies:
    hoek "4.x.x"
    items "2.x.x"
    joi "10.x.x"

pseudomap@^1.0.1:
  version "1.0.2"
  resolved "https://registry.yarnpkg.com/pseudomap/-/pseudomap-1.0.2.tgz#f052a28da70e618917ef0a8ac34c1ae5a68286b3"

repeat-string@^1.5.2:
  version "1.6.1"
  resolved "https://registry.yarnpkg.com/repeat-string/-/repeat-string-1.6.1.tgz#8dcae470e1c88abc2d600fff4a776286da75e637"

right-align@^0.1.1:
  version "0.1.3"
  resolved "https://registry.yarnpkg.com/right-align/-/right-align-0.1.3.tgz#61339b722fe6a3515689210d24e14c96148613ef"
  dependencies:
    align-text "^0.1.1"

shot@3.x.x:
  version "3.4.0"
  resolved "https://registry.yarnpkg.com/shot/-/shot-3.4.0.tgz#e7125ee72575ae5218349e933636808d790d4b92"
  dependencies:
    hoek "4.x.x"
    joi "10.x.x"

source-map@^0.4.4:
  version "0.4.4"
  resolved "https://registry.yarnpkg.com/source-map/-/source-map-0.4.4.tgz#eba4f5da9c0dc999de68032d8b4f76173652036b"
  dependencies:
    amdefine ">=0.0.4"

source-map@~0.5.1:
  version "0.5.6"
  resolved "https://registry.yarnpkg.com/source-map/-/source-map-0.5.6.tgz#75ce38f52bf0733c5a7f0c118d81334a2bb5f412"

statehood@5.x.x:
  version "5.0.1"
  resolved "https://registry.yarnpkg.com/statehood/-/statehood-5.0.1.tgz#fc13c97b37751c18e70513d2b97e896ac8b73005"
  dependencies:
    boom "4.x.x"
    cryptiles "3.x.x"
    hoek "4.x.x"
    iron "4.x.x"
    items "2.x.x"
    joi "10.x.x"

subtext@^4.3.x:
  version "4.3.0"
  resolved "https://registry.yarnpkg.com/subtext/-/subtext-4.3.0.tgz#dfac90492ec35669fd6e00c6e5d938b06d7ccfbb"
  dependencies:
    boom "4.x.x"
    content "3.x.x"
    hoek "4.x.x"
    pez "2.x.x"
    wreck "10.x.x"

topo@2.x.x:
  version "2.0.2"
  resolved "https://registry.yarnpkg.com/topo/-/topo-2.0.2.tgz#cd5615752539057c0dc0491a621c3bc6fbe1d182"
  dependencies:
    hoek "4.x.x"

uglify-js@^2.6:
  version "2.7.5"
  resolved "https://registry.yarnpkg.com/uglify-js/-/uglify-js-2.7.5.tgz#4612c0c7baaee2ba7c487de4904ae122079f2ca8"
  dependencies:
    async "~0.2.6"
    source-map "~0.5.1"
    uglify-to-browserify "~1.0.0"
    yargs "~3.10.0"

uglify-to-browserify@~1.0.0:
  version "1.0.2"
  resolved "https://registry.yarnpkg.com/uglify-to-browserify/-/uglify-to-browserify-1.0.2.tgz#6e0924d6bda6b5afe349e39a6d632850a0f882b7"

vise@2.x.x:
  version "2.0.2"
  resolved "https://registry.yarnpkg.com/vise/-/vise-2.0.2.tgz#6b08e8fb4cb76e3a50cd6dd0ec37338e811a0d39"
  dependencies:
    hoek "4.x.x"

vision:
  version "4.1.1"
  resolved "https://registry.yarnpkg.com/vision/-/vision-4.1.1.tgz#e1b612b2d2e2f20310a039290fd49d51248f82da"
  dependencies:
    boom "4.x.x"
    hoek "4.x.x"
    items "2.x.x"
    joi "10.x.x"

window-size@0.1.0:
  version "0.1.0"
  resolved "https://registry.yarnpkg.com/window-size/-/window-size-0.1.0.tgz#5438cd2ea93b202efa3a19fe8887aee7c94f9c9d"

wordwrap@~0.0.2:
  version "0.0.3"
  resolved "https://registry.yarnpkg.com/wordwrap/-/wordwrap-0.0.3.tgz#a3d5da6cd5c0bc0008d37234bbaf1bed63059107"

wordwrap@0.0.2:
  version "0.0.2"
  resolved "https://registry.yarnpkg.com/wordwrap/-/wordwrap-0.0.2.tgz#b79669bb42ecb409f83d583cad52ca17eaa1643f"

wreck@10.x.x:
  version "10.0.0"
  resolved "https://registry.yarnpkg.com/wreck/-/wreck-10.0.0.tgz#98ab882f85e16a526332507f101f5a7841162278"
  dependencies:
    boom "4.x.x"
    hoek "4.x.x"

yallist@^2.0.0:
  version "2.0.0"
  resolved "https://registry.yarnpkg.com/yallist/-/yallist-2.0.0.tgz#306c543835f09ee1a4cb23b7bce9ab341c91cdd4"

yargs@~3.10.0:
  version "3.10.0"
  resolved "https://registry.yarnpkg.com/yargs/-/yargs-3.10.0.tgz#f7ee7bd857dd7c1d2d38c0e74efbd681d1431fd1"
  dependencies:
    camelcase "^1.0.2"
    cliui "^2.1.0"
    decamelize "^1.0.0"
    window-size "0.1.0"

